{
  "version": 4,
  "terraform_version": "0.12.18",
  "serial": 13,
  "lineage": "cc5c0ac1-7141-eb77-6dd0-f2397ead6ed2",
  "outputs": {
    "eks_cluster_certificat_authority": {
      "value": [
        {
          "data": "LS0tLS1CRUdJTiBDRVJUSUZJQ0FURS0tLS0tCk1JSUN5RENDQWJDZ0F3SUJBZ0lCQURBTkJna3Foa2lHOXcwQkFRc0ZBREFWTVJNd0VRWURWUVFERXdwcmRXSmwKY201bGRHVnpNQjRYRFRJd01EWXlPVEEyTURVd01sb1hEVE13TURZeU56QTJNRFV3TWxvd0ZURVRNQkVHQTFVRQpBeE1LYTNWaVpYSnVaWFJsY3pDQ0FTSXdEUVlKS29aSWh2Y05BUUVCQlFBRGdnRVBBRENDQVFvQ2dnRUJBTFRsCjdJdkJ1Nk1YTm1rQTVBU1o1c0hkVnFmaEorQ3NKdkJIT3kxOVBqamVOeWNPcnRGeXBweGs5bFdmN0hrNkJvOGIKM0JJYXVWcElKSGpEbHlnT29xT2p2WkhJS1NBU29kRTE0eUpLb1NWOXhGd2YxRThOMmNxdDEzQ3U4MHNWeFpFQgpSV2R1cURWUXhkcEsxSWIwemRiUE5RbHk0U0lrNjM3ZGZTWkxESmRPOUpjTkR3ZisveDErZDFuUFFycnVYMWVaClE0QzF1YWR1REc5cWFCMWk3NkdCby9QNE02eTR3Wmp4VmJjckU5eVQ1bUpFbm12d2VESVcyZDRlYzJ6Q0pIMUgKc0JBYnpTeTE1UmErV201T2N5QjhXTzFPdDRXRmpYUCswZkxLd3F0NElBclkwZmR3RlBmNEo4bHdwUkE0aS9lSQpkZ1BtYWNJcmI2V0x0aXNCZGpFQ0F3RUFBYU1qTUNFd0RnWURWUjBQQVFIL0JBUURBZ0trTUE4R0ExVWRFd0VCCi93UUZNQU1CQWY4d0RRWUpLb1pJaHZjTkFRRUxCUUFEZ2dFQkFGVVVPRnRHZXlKVnhoamZoRTJKWW9TYTN6TzYKT2p0QlBXYlMrLy95R0RwOUF5eDkveUtLbTlra2RmVmM0VjRLUHdiZzRuOEZiMHZzMlI4TW5HVjlSQTZMeC94OQpKQk4yRUN1SkdmdkVvNzRqc2F0UjYyZnZScEU2Wk9WV0pURGZRM0VsK1Qxc3J4UzA0Q2djemprNnNYWEJGQUc0Ck41YUIxSW5Fayt6QnMzUjZSL1RmT1ZqczRKc094ZVlaZGVzYXlmaEZWREVsRHF4VFFYajQwVmFheU9XNTNYNHYKWWNOVjMvc0JOb0Y3WGsrVUwrLzNXRG4vNm5GV2ZYeHh1SGJiZ3o5WmdtOCswaVdIM0xZT200NUY2RCszcVFhTgptekFuNG40RmdsZjVIZWNSZDBrUDJGYTB6cFJveUhZdHdscXg4MXI1Q1p4SVpuNGRQUktLYmQxNUZUZz0KLS0tLS1FTkQgQ0VSVElGSUNBVEUtLS0tLQo="
        }
      ],
      "type": [
        "list",
        [
          "object",
          {
            "data": "string"
          }
        ]
      ]
    },
    "eks_cluster_endpoint": {
      "value": "https://F568284856E2D69947546DD69C78AEB5.gr7.us-west-2.eks.amazonaws.com",
      "type": "string"
    }
  },
  "resources": [
    {
      "mode": "managed",
      "type": "aws_eks_cluster",
      "name": "aws_eks",
      "provider": "provider.aws",
      "instances": [
        {
          "schema_version": 0,
          "attributes": {
            "arn": "arn:aws:eks:us-west-2:853364313656:cluster/eks_cluster_tuto",
            "certificate_authority": [
              {
                "data": "LS0tLS1CRUdJTiBDRVJUSUZJQ0FURS0tLS0tCk1JSUN5RENDQWJDZ0F3SUJBZ0lCQURBTkJna3Foa2lHOXcwQkFRc0ZBREFWTVJNd0VRWURWUVFERXdwcmRXSmwKY201bGRHVnpNQjRYRFRJd01EWXlPVEEyTURVd01sb1hEVE13TURZeU56QTJNRFV3TWxvd0ZURVRNQkVHQTFVRQpBeE1LYTNWaVpYSnVaWFJsY3pDQ0FTSXdEUVlKS29aSWh2Y05BUUVCQlFBRGdnRVBBRENDQVFvQ2dnRUJBTFRsCjdJdkJ1Nk1YTm1rQTVBU1o1c0hkVnFmaEorQ3NKdkJIT3kxOVBqamVOeWNPcnRGeXBweGs5bFdmN0hrNkJvOGIKM0JJYXVWcElKSGpEbHlnT29xT2p2WkhJS1NBU29kRTE0eUpLb1NWOXhGd2YxRThOMmNxdDEzQ3U4MHNWeFpFQgpSV2R1cURWUXhkcEsxSWIwemRiUE5RbHk0U0lrNjM3ZGZTWkxESmRPOUpjTkR3ZisveDErZDFuUFFycnVYMWVaClE0QzF1YWR1REc5cWFCMWk3NkdCby9QNE02eTR3Wmp4VmJjckU5eVQ1bUpFbm12d2VESVcyZDRlYzJ6Q0pIMUgKc0JBYnpTeTE1UmErV201T2N5QjhXTzFPdDRXRmpYUCswZkxLd3F0NElBclkwZmR3RlBmNEo4bHdwUkE0aS9lSQpkZ1BtYWNJcmI2V0x0aXNCZGpFQ0F3RUFBYU1qTUNFd0RnWURWUjBQQVFIL0JBUURBZ0trTUE4R0ExVWRFd0VCCi93UUZNQU1CQWY4d0RRWUpLb1pJaHZjTkFRRUxCUUFEZ2dFQkFGVVVPRnRHZXlKVnhoamZoRTJKWW9TYTN6TzYKT2p0QlBXYlMrLy95R0RwOUF5eDkveUtLbTlra2RmVmM0VjRLUHdiZzRuOEZiMHZzMlI4TW5HVjlSQTZMeC94OQpKQk4yRUN1SkdmdkVvNzRqc2F0UjYyZnZScEU2Wk9WV0pURGZRM0VsK1Qxc3J4UzA0Q2djemprNnNYWEJGQUc0Ck41YUIxSW5Fayt6QnMzUjZSL1RmT1ZqczRKc094ZVlaZGVzYXlmaEZWREVsRHF4VFFYajQwVmFheU9XNTNYNHYKWWNOVjMvc0JOb0Y3WGsrVUwrLzNXRG4vNm5GV2ZYeHh1SGJiZ3o5WmdtOCswaVdIM0xZT200NUY2RCszcVFhTgptekFuNG40RmdsZjVIZWNSZDBrUDJGYTB6cFJveUhZdHdscXg4MXI1Q1p4SVpuNGRQUktLYmQxNUZUZz0KLS0tLS1FTkQgQ0VSVElGSUNBVEUtLS0tLQo="
              }
            ],
            "created_at": "2020-06-29 05:58:01 +0000 UTC",
            "enabled_cluster_log_types": [],
            "encryption_config": [],
            "endpoint": "https://F568284856E2D69947546DD69C78AEB5.gr7.us-west-2.eks.amazonaws.com",
            "id": "eks_cluster_tuto",
            "identity": [
              {
                "oidc": [
                  {
                    "issuer": "https://oidc.eks.us-west-2.amazonaws.com/id/F568284856E2D69947546DD69C78AEB5"
                  }
                ]
              }
            ],
            "name": "eks_cluster_tuto",
            "platform_version": "eks.1",
            "role_arn": "arn:aws:iam::853364313656:role/eks-cluster",
            "status": "ACTIVE",
            "tags": {
              "Name": "EKS_tuto"
            },
            "timeouts": null,
            "version": "1.16",
            "vpc_config": [
              {
                "cluster_security_group_id": "sg-0705ab2b80d65bfdb",
                "endpoint_private_access": false,
                "endpoint_public_access": true,
                "public_access_cidrs": [
                  "0.0.0.0/0"
                ],
                "security_group_ids": [],
                "subnet_ids": [
                  "subnet-bcd68097",
                  "subnet-f006efba"
                ],
                "vpc_id": "vpc-f47d0f8c"
              }
            ]
          },
          "private": "eyJlMmJmYjczMC1lY2FhLTExZTYtOGY4OC0zNDM2M2JjN2M0YzAiOnsiY3JlYXRlIjoxODAwMDAwMDAwMDAwLCJkZWxldGUiOjkwMDAwMDAwMDAwMCwidXBkYXRlIjozNjAwMDAwMDAwMDAwfX0=",
          "dependencies": [
            "aws_iam_role.eks_cluster"
          ]
        }
      ]
    },
    {
      "mode": "managed",
      "type": "aws_eks_node_group",
      "name": "node",
      "provider": "provider.aws",
      "instances": [
        {
          "schema_version": 0,
          "attributes": {
            "ami_type": "AL2_x86_64",
            "arn": "arn:aws:eks:us-west-2:853364313656:nodegroup/eks_cluster_tuto/node_tuto/9eb97f5b-0398-4b17-6268-0afaeb1d1c61",
            "cluster_name": "eks_cluster_tuto",
            "disk_size": 20,
            "force_update_version": null,
            "id": "eks_cluster_tuto:node_tuto",
            "instance_types": [
              "t3.medium"
            ],
            "labels": null,
            "node_group_name": "node_tuto",
            "node_role_arn": "arn:aws:iam::853364313656:role/eks-node-group-tuto",
            "release_version": "1.16.8-20200609",
            "remote_access": [],
            "resources": [
              {
                "autoscaling_groups": [
                  {
                    "name": "eks-9eb97f5b-0398-4b17-6268-0afaeb1d1c61"
                  }
                ],
                "remote_access_security_group_id": ""
              }
            ],
            "scaling_config": [
              {
                "desired_size": 1,
                "max_size": 1,
                "min_size": 1
              }
            ],
            "status": "ACTIVE",
            "subnet_ids": [
              "subnet-bcd68097",
              "subnet-f006efba"
            ],
            "tags": null,
            "timeouts": null,
            "version": "1.16"
          },
          "private": "eyJlMmJmYjczMC1lY2FhLTExZTYtOGY4OC0zNDM2M2JjN2M0YzAiOnsiY3JlYXRlIjozNjAwMDAwMDAwMDAwLCJkZWxldGUiOjM2MDAwMDAwMDAwMDAsInVwZGF0ZSI6MzYwMDAwMDAwMDAwMH19",
          "dependencies": [
            "aws_eks_cluster.aws_eks",
            "aws_iam_role.eks_nodes",
            "aws_iam_role_policy_attachment.AmazonEC2ContainerRegistryReadOnly",
            "aws_iam_role_policy_attachment.AmazonEKSWorkerNodePolicy",
            "aws_iam_role_policy_attachment.AmazonEKS_CNI_Policy"
          ]
        }
      ]
    },
    {
      "mode": "managed",
      "type": "aws_iam_role",
      "name": "eks_cluster",
      "provider": "provider.aws",
      "instances": [
        {
          "schema_version": 0,
          "attributes": {
            "arn": "arn:aws:iam::853364313656:role/eks-cluster",
            "assume_role_policy": "{\"Version\":\"2012-10-17\",\"Statement\":[{\"Effect\":\"Allow\",\"Principal\":{\"Service\":\"eks.amazonaws.com\"},\"Action\":\"sts:AssumeRole\"}]}",
            "create_date": "2020-06-29T05:37:12Z",
            "description": "",
            "force_detach_policies": false,
            "id": "eks-cluster",
            "max_session_duration": 3600,
            "name": "eks-cluster",
            "name_prefix": null,
            "path": "/",
            "permissions_boundary": null,
            "tags": {},
            "unique_id": "AROA4NMD2BY4NWJMXPHWS"
          },
          "private": "bnVsbA=="
        }
      ]
    },
    {
      "mode": "managed",
      "type": "aws_iam_role",
      "name": "eks_nodes",
      "provider": "provider.aws",
      "instances": [
        {
          "schema_version": 0,
          "attributes": {
            "arn": "arn:aws:iam::853364313656:role/eks-node-group-tuto",
            "assume_role_policy": "{\"Version\":\"2012-10-17\",\"Statement\":[{\"Effect\":\"Allow\",\"Principal\":{\"Service\":\"ec2.amazonaws.com\"},\"Action\":\"sts:AssumeRole\"}]}",
            "create_date": "2020-06-29T05:37:11Z",
            "description": "",
            "force_detach_policies": false,
            "id": "eks-node-group-tuto",
            "max_session_duration": 3600,
            "name": "eks-node-group-tuto",
            "name_prefix": null,
            "path": "/",
            "permissions_boundary": null,
            "tags": {},
            "unique_id": "AROA4NMD2BY4DXXKBPIJ7"
          },
          "private": "bnVsbA=="
        }
      ]
    },
    {
      "mode": "managed",
      "type": "aws_iam_role_policy_attachment",
      "name": "AmazonEC2ContainerRegistryReadOnly",
      "provider": "provider.aws",
      "instances": [
        {
          "schema_version": 0,
          "attributes": {
            "id": "eks-node-group-tuto-20200629053712122800000001",
            "policy_arn": "arn:aws:iam::aws:policy/AmazonEC2ContainerRegistryReadOnly",
            "role": "eks-node-group-tuto"
          },
          "private": "bnVsbA==",
          "dependencies": [
            "aws_iam_role.eks_nodes"
          ]
        }
      ]
    },
    {
      "mode": "managed",
      "type": "aws_iam_role_policy_attachment",
      "name": "AmazonEKSClusterPolicy",
      "provider": "provider.aws",
      "instances": [
        {
          "schema_version": 0,
          "attributes": {
            "id": "eks-cluster-20200629053712151400000005",
            "policy_arn": "arn:aws:iam::aws:policy/AmazonEKSClusterPolicy",
            "role": "eks-cluster"
          },
          "private": "bnVsbA==",
          "dependencies": [
            "aws_iam_role.eks_cluster"
          ]
        }
      ]
    },
    {
      "mode": "managed",
      "type": "aws_iam_role_policy_attachment",
      "name": "AmazonEKSServicePolicy",
      "provider": "provider.aws",
      "instances": [
        {
          "schema_version": 0,
          "attributes": {
            "id": "eks-cluster-20200629053712147600000004",
            "policy_arn": "arn:aws:iam::aws:policy/AmazonEKSServicePolicy",
            "role": "eks-cluster"
          },
          "private": "bnVsbA==",
          "dependencies": [
            "aws_iam_role.eks_cluster"
          ]
        }
      ]
    },
    {
      "mode": "managed",
      "type": "aws_iam_role_policy_attachment",
      "name": "AmazonEKSWorkerNodePolicy",
      "provider": "provider.aws",
      "instances": [
        {
          "schema_version": 0,
          "attributes": {
            "id": "eks-node-group-tuto-20200629053712128900000003",
            "policy_arn": "arn:aws:iam::aws:policy/AmazonEKSWorkerNodePolicy",
            "role": "eks-node-group-tuto"
          },
          "private": "bnVsbA==",
          "dependencies": [
            "aws_iam_role.eks_nodes"
          ]
        }
      ]
    },
    {
      "mode": "managed",
      "type": "aws_iam_role_policy_attachment",
      "name": "AmazonEKS_CNI_Policy",
      "provider": "provider.aws",
      "instances": [
        {
          "schema_version": 0,
          "attributes": {
            "id": "eks-node-group-tuto-20200629053712127300000002",
            "policy_arn": "arn:aws:iam::aws:policy/AmazonEKS_CNI_Policy",
            "role": "eks-node-group-tuto"
          },
          "private": "bnVsbA==",
          "dependencies": [
            "aws_iam_role.eks_nodes"
          ]
        }
      ]
    }
  ]
}
